
Microsoft Visual Studio Solution File, Format Version 12.00
# Visual Studio Version 17
VisualStudioVersion = 17.4.33205.214
MinimumVisualStudioVersion = 10.0.40219.1
Project("{9A19103F-16F7-4668-BE54-9A1E7A4F7556}") = "n5-api", "n5-api\n5-api.csproj", "{77A68B96-3F6D-463A-9961-C3240CF3B026}"
EndProject
Project("{9A19103F-16F7-4668-BE54-9A1E7A4F7556}") = "Domain", "Domain\Domain.csproj", "{94976CF3-5707-4A38-9ACA-7BE99766F9A4}"
EndProject
Project("{E53339B2-1760-4266-BCC7-CA923CBCF16C}") = "docker-compose", "docker-compose.dcproj", "{A9014497-B7FA-4E68-9E0D-08F69305CDAE}"
EndProject
Global
	GlobalSection(SolutionConfigurationPlatforms) = preSolution
		Debug|Any CPU = Debug|Any CPU
		Release|Any CPU = Release|Any CPU
	EndGlobalSection
	GlobalSection(ProjectConfigurationPlatforms) = postSolution
		{77A68B96-3F6D-463A-9961-C3240CF3B026}.Debug|Any CPU.ActiveCfg = Debug|Any CPU
		{77A68B96-3F6D-463A-9961-C3240CF3B026}.Debug|Any CPU.Build.0 = Debug|Any CPU
		{77A68B96-3F6D-463A-9961-C3240CF3B026}.Release|Any CPU.ActiveCfg = Release|Any CPU
		{77A68B96-3F6D-463A-9961-C3240CF3B026}.Release|Any CPU.Build.0 = Release|Any CPU
		{94976CF3-5707-4A38-9ACA-7BE99766F9A4}.Debug|Any CPU.ActiveCfg = Debug|Any CPU
		{94976CF3-5707-4A38-9ACA-7BE99766F9A4}.Debug|Any CPU.Build.0 = Debug|Any CPU
		{94976CF3-5707-4A38-9ACA-7BE99766F9A4}.Release|Any CPU.ActiveCfg = Release|Any CPU
		{94976CF3-5707-4A38-9ACA-7BE99766F9A4}.Release|Any CPU.Build.0 = Release|Any CPU
		{A9014497-B7FA-4E68-9E0D-08F69305CDAE}.Debug|Any CPU.ActiveCfg = Debug|Any CPU
		{A9014497-B7FA-4E68-9E0D-08F69305CDAE}.Debug|Any CPU.Build.0 = Debug|Any CPU
		{A9014497-B7FA-4E68-9E0D-08F69305CDAE}.Release|Any CPU.ActiveCfg = Release|Any CPU
		{A9014497-B7FA-4E68-9E0D-08F69305CDAE}.Release|Any CPU.Build.0 = Release|Any CPU
	EndGlobalSection
	GlobalSection(SolutionProperties) = preSolution
		HideSolutionNode = FALSE
	EndGlobalSection
	GlobalSection(ExtensibilityGlobals) = postSolution
		SolutionGuid = {EED90493-4CC7-4628-AD3D-B8CA866D361D}
	EndGlobalSection
EndGlobal
